{
  "name": "byte-monitor-feishu-robot",
  "version": "1.0.6",
  "lockfileVersion": 2,
  "requires": true,
  "packages": {
    "": {
      "name": "byte-monitor-feishu-robot",
      "version": "1.0.6",
      "license": "MIT",
      "dependencies": {
        "byte-monitor-feishu-robot": "^1.0.5",
        "feishu_clientbot": "^1.0.1",
        "simple-client": "^1.2.5"
      }
    },
    "node_modules/byte-monitor-feishu-robot": {
      "version": "1.0.5",
      "resolved": "https://registry.npmjs.org/byte-monitor-feishu-robot/-/byte-monitor-feishu-robot-1.0.5.tgz",
      "integrity": "sha512-W3z6mepwtbqVmTvCWGUDGuAl0qmTK3dlkBLkXLZ7TMUTtshhTvA8DwhieRZRs/QtPlxcXbg9XHc4xYz6fW9SCg==",
      "dependencies": {
        "byte-monitor-feishu-robot": "^1.0.3",
        "feishu_clientbot": "^1.0.0",
        "simple-client": "^1.2.5"
      }
    },
    "node_modules/feishu_clientbot": {
      "version": "1.0.1",
      "resolved": "https://registry.npmjs.org/feishu_clientbot/-/feishu_clientbot-1.0.1.tgz",
      "integrity": "sha512-n6H87dBM+koRU31AL1QunJFldtawFrrbSW0Lh1gm0Vst2PoxYeK1ZhRwRf3QV1SMh80/WCMDuZRueVtrggqHTg=="
    },
    "node_modules/simple-client": {
      "version": "1.2.5",
      "resolved": "https://registry.npmjs.org/simple-client/-/simple-client-1.2.5.tgz",
      "integrity": "sha512-hzD/oN4sPMJojkQ5zNldhs913TOKNIH2Etn25kl0aFk9oD/g5eKorZCj7APOo5hDE6pc+oVGOtbSe34SEfyFxQ=="
    }
  },
  "dependencies": {
    "byte-monitor-feishu-robot": {
      "version": "1.0.5",
      "resolved": "https://registry.npmjs.org/byte-monitor-feishu-robot/-/byte-monitor-feishu-robot-1.0.5.tgz",
      "integrity": "sha512-W3z6mepwtbqVmTvCWGUDGuAl0qmTK3dlkBLkXLZ7TMUTtshhTvA8DwhieRZRs/QtPlxcXbg9XHc4xYz6fW9SCg==",
      "requires": {
        "byte-monitor-feishu-robot": "^1.0.3",
        "feishu_clientbot": "^1.0.0",
        "simple-client": "^1.2.5"
      }
    },
    "feishu_clientbot": {
      "version": "1.0.1",
      "resolved": "https://registry.npmjs.org/feishu_clientbot/-/feishu_clientbot-1.0.1.tgz",
      "integrity": "sha512-n6H87dBM+koRU31AL1QunJFldtawFrrbSW0Lh1gm0Vst2PoxYeK1ZhRwRf3QV1SMh80/WCMDuZRueVtrggqHTg=="
    },
    "simple-client": {
      "version": "1.2.5",
      "resolved": "https://registry.npmjs.org/simple-client/-/simple-client-1.2.5.tgz",
      "integrity": "sha512-hzD/oN4sPMJojkQ5zNldhs913TOKNIH2Etn25kl0aFk9oD/g5eKorZCj7APOo5hDE6pc+oVGOtbSe34SEfyFxQ=="
    }
  }
}
