{
  "name": "byte-monitor-feishu-robot1",
  "version": "1.0.18",
  "lockfileVersion": 1,
  "requires": true,
  "dependencies": {
    "byte-monitor-feishu-robot": {
      "version": "1.0.18",
      "resolved": "https://registry.npmjs.org/byte-monitor-feishu-robot/-/byte-monitor-feishu-robot-1.0.18.tgz",
      "integrity": "sha512-XZT1Xj14Jg8pFWxclm0ElMM/N0RN3nbQDcxAPoKi7XPnzsK3NsD16tibrA5PnOKdu2EKOOycVfFQh7XYJ8mG9w==",
      "requires": {
        "byte-monitor-feishu-robot": "^1.0.17"
      }
    }
  }
}
