{
  "name": "feishu-robot",
  "version": "1.0.5",
  "lockfileVersion": 2,
  "requires": true,
  "packages": {
    "": {
      "name": "feishu-robot",
      "version": "1.0.5",
      "license": "MIT",
      "dependencies": {
        "feishu-robot": "^1.0.5",
        "simple-client": "1.1.5"
      }
    },
    "node_modules/feishu-robot": {
      "version": "1.0.5",
      "resolved": "https://registry.nlark.com/feishu-robot/download/feishu-robot-1.0.5.tgz",
      "integrity": "sha1-8fJdBg/XDGyMV9vczum845kDE/o=",
      "dependencies": {
        "simple-client": "1.1.5"
      }
    },
    "node_modules/simple-client": {
      "version": "1.1.5",
      "resolved": "https://registry.nlark.com/simple-client/download/simple-client-1.1.5.tgz",
      "integrity": "sha1-54rMzv74zPljiju/k6A5N3baFN8="
    }
  },
  "dependencies": {
    "feishu-robot": {
      "version": "1.0.5",
      "resolved": "https://registry.nlark.com/feishu-robot/download/feishu-robot-1.0.5.tgz",
      "integrity": "sha1-8fJdBg/XDGyMV9vczum845kDE/o=",
      "requires": {
        "simple-client": "1.1.5"
      }
    },
    "simple-client": {
      "version": "1.1.5",
      "resolved": "https://registry.nlark.com/simple-client/download/simple-client-1.1.5.tgz",
      "integrity": "sha1-54rMzv74zPljiju/k6A5N3baFN8="
    }
  }
}
